
Microsoft Visual Studio Solution File, Format Version 12.00
# Visual Studio Version 16
VisualStudioVersion = 16.0.29411.108
MinimumVisualStudioVersion = 10.0.40219.1
Project("{F184B08F-C81C-45F6-A57F-5ABD9991F28F}") = "AffineWinFormVb", "AffineWinFormVb.vbproj", "{79A56448-7D8F-44AA-91BF-3A78BA46E20E}"
EndProject
Global
	GlobalSection(SolutionConfigurationPlatforms) = preSolution
		Debug|Any CPU = Debug|Any CPU
		Release|Any CPU = Release|Any CPU
	EndGlobalSection
	GlobalSection(ProjectConfigurationPlatforms) = postSolution
		{79A56448-7D8F-44AA-91BF-3A78BA46E20E}.Debug|Any CPU.ActiveCfg = Debug|Any CPU
		{79A56448-7D8F-44AA-91BF-3A78BA46E20E}.Debug|Any CPU.Build.0 = Debug|Any CPU
		{79A56448-7D8F-44AA-91BF-3A78BA46E20E}.Release|Any CPU.ActiveCfg = Release|Any CPU
		{79A56448-7D8F-44AA-91BF-3A78BA46E20E}.Release|Any CPU.Build.0 = Release|Any CPU
	EndGlobalSection
	GlobalSection(SolutionProperties) = preSolution
		HideSolutionNode = FALSE
	EndGlobalSection
	GlobalSection(ExtensibilityGlobals) = postSolution
		SolutionGuid = {8EB35C47-4B90-4C95-A452-9B926892FCC0}
	EndGlobalSection
EndGlobal
